
Microsoft Visual Studio Solution File, Format Version 12.00
# Visual Studio Version 17
VisualStudioVersion = 17.10.35122.118
MinimumVisualStudioVersion = 10.0.40219.1
Project("{FAE04EC0-301F-11D3-BF4B-00C04F79EFBC}") = "RoutingWithMVC", "RoutingWithMVC\RoutingWithMVC.csproj", "{15117906-A675-4BA1-AC98-EBF933EB2C65}"
EndProject
Global
	GlobalSection(SolutionConfigurationPlatforms) = preSolution
		Debug|Any CPU = Debug|Any CPU
		Release|Any CPU = Release|Any CPU
	EndGlobalSection
	GlobalSection(ProjectConfigurationPlatforms) = postSolution
		{15117906-A675-4BA1-AC98-EBF933EB2C65}.Debug|Any CPU.ActiveCfg = Debug|Any CPU
		{15117906-A675-4BA1-AC98-EBF933EB2C65}.Debug|Any CPU.Build.0 = Debug|Any CPU
		{15117906-A675-4BA1-AC98-EBF933EB2C65}.Release|Any CPU.ActiveCfg = Release|Any CPU
		{15117906-A675-4BA1-AC98-EBF933EB2C65}.Release|Any CPU.Build.0 = Release|Any CPU
	EndGlobalSection
	GlobalSection(SolutionProperties) = preSolution
		HideSolutionNode = FALSE
	EndGlobalSection
	GlobalSection(ExtensibilityGlobals) = postSolution
		SolutionGuid = {9E83D911-8E0D-4F69-9033-000E65E69C9E}
	EndGlobalSection
EndGlobal
