
Microsoft Visual Studio Solution File, Format Version 12.00
# Visual Studio Version 17
VisualStudioVersion = 17.10.35122.118
MinimumVisualStudioVersion = 10.0.40219.1
Project("{FAE04EC0-301F-11D3-BF4B-00C04F79EFBC}") = "MediatorPattern.Demo", "MediatorPattern.Demo\MediatorPattern.Demo.csproj", "{B205832F-42B2-4F1C-8CE5-18DCFF81EAA8}"
EndProject
Global
	GlobalSection(SolutionConfigurationPlatforms) = preSolution
		Debug|Any CPU = Debug|Any CPU
		Release|Any CPU = Release|Any CPU
	EndGlobalSection
	GlobalSection(ProjectConfigurationPlatforms) = postSolution
		{B205832F-42B2-4F1C-8CE5-18DCFF81EAA8}.Debug|Any CPU.ActiveCfg = Debug|Any CPU
		{B205832F-42B2-4F1C-8CE5-18DCFF81EAA8}.Debug|Any CPU.Build.0 = Debug|Any CPU
		{B205832F-42B2-4F1C-8CE5-18DCFF81EAA8}.Release|Any CPU.ActiveCfg = Release|Any CPU
		{B205832F-42B2-4F1C-8CE5-18DCFF81EAA8}.Release|Any CPU.Build.0 = Release|Any CPU
	EndGlobalSection
	GlobalSection(SolutionProperties) = preSolution
		HideSolutionNode = FALSE
	EndGlobalSection
	GlobalSection(ExtensibilityGlobals) = postSolution
		SolutionGuid = {6733372D-ACF9-494F-B464-16F1B7A41D5D}
	EndGlobalSection
EndGlobal
