
Microsoft Visual Studio Solution File, Format Version 12.00
# Visual Studio Version 17
VisualStudioVersion = 17.10.35122.118
MinimumVisualStudioVersion = 10.0.40219.1
Project("{FAE04EC0-301F-11D3-BF4B-00C04F79EFBC}") = "OAuth-Autorizattion-Demo", "OAuth-Autorizattion-Demo\OAuth-Autorizattion-Demo.csproj", "{31AF06CB-E46A-40D0-93BE-51A3C81EDA8D}"
EndProject
Global
	GlobalSection(SolutionConfigurationPlatforms) = preSolution
		Debug|Any CPU = Debug|Any CPU
		Release|Any CPU = Release|Any CPU
	EndGlobalSection
	GlobalSection(ProjectConfigurationPlatforms) = postSolution
		{31AF06CB-E46A-40D0-93BE-51A3C81EDA8D}.Debug|Any CPU.ActiveCfg = Debug|Any CPU
		{31AF06CB-E46A-40D0-93BE-51A3C81EDA8D}.Debug|Any CPU.Build.0 = Debug|Any CPU
		{31AF06CB-E46A-40D0-93BE-51A3C81EDA8D}.Release|Any CPU.ActiveCfg = Release|Any CPU
		{31AF06CB-E46A-40D0-93BE-51A3C81EDA8D}.Release|Any CPU.Build.0 = Release|Any CPU
	EndGlobalSection
	GlobalSection(SolutionProperties) = preSolution
		HideSolutionNode = FALSE
	EndGlobalSection
	GlobalSection(ExtensibilityGlobals) = postSolution
		SolutionGuid = {7E2EDD85-9F85-4ADD-8CF3-DE9948D17F9B}
	EndGlobalSection
EndGlobal
