
Microsoft Visual Studio Solution File, Format Version 12.00
# Visual Studio Version 17
VisualStudioVersion = 17.10.35122.118
MinimumVisualStudioVersion = 10.0.40219.1
Project("{FAE04EC0-301F-11D3-BF4B-00C04F79EFBC}") = "APIHealthCheckingDemo", "APIHealthCheckingDemo\APIHealthCheckingDemo.csproj", "{B367BDE9-29CD-43EC-8F42-35037EEFC749}"
EndProject
Global
	GlobalSection(SolutionConfigurationPlatforms) = preSolution
		Debug|Any CPU = Debug|Any CPU
		Release|Any CPU = Release|Any CPU
	EndGlobalSection
	GlobalSection(ProjectConfigurationPlatforms) = postSolution
		{B367BDE9-29CD-43EC-8F42-35037EEFC749}.Debug|Any CPU.ActiveCfg = Debug|Any CPU
		{B367BDE9-29CD-43EC-8F42-35037EEFC749}.Debug|Any CPU.Build.0 = Debug|Any CPU
		{B367BDE9-29CD-43EC-8F42-35037EEFC749}.Release|Any CPU.ActiveCfg = Release|Any CPU
		{B367BDE9-29CD-43EC-8F42-35037EEFC749}.Release|Any CPU.Build.0 = Release|Any CPU
	EndGlobalSection
	GlobalSection(SolutionProperties) = preSolution
		HideSolutionNode = FALSE
	EndGlobalSection
	GlobalSection(ExtensibilityGlobals) = postSolution
		SolutionGuid = {95B1D04C-AD85-4098-9707-068AB29E5FA5}
	EndGlobalSection
EndGlobal
