
Microsoft Visual Studio Solution File, Format Version 12.00
# Visual Studio Version 17
VisualStudioVersion = 17.10.35122.118
MinimumVisualStudioVersion = 10.0.40219.1
Project("{FAE04EC0-301F-11D3-BF4B-00C04F79EFBC}") = "ControllersAndMethods", "ControllersAndMethods\ControllersAndMethods.csproj", "{F6EF285A-AB6C-4AC7-8FAB-654051ACC31B}"
EndProject
Global
	GlobalSection(SolutionConfigurationPlatforms) = preSolution
		Debug|Any CPU = Debug|Any CPU
		Release|Any CPU = Release|Any CPU
	EndGlobalSection
	GlobalSection(ProjectConfigurationPlatforms) = postSolution
		{F6EF285A-AB6C-4AC7-8FAB-654051ACC31B}.Debug|Any CPU.ActiveCfg = Debug|Any CPU
		{F6EF285A-AB6C-4AC7-8FAB-654051ACC31B}.Debug|Any CPU.Build.0 = Debug|Any CPU
		{F6EF285A-AB6C-4AC7-8FAB-654051ACC31B}.Release|Any CPU.ActiveCfg = Release|Any CPU
		{F6EF285A-AB6C-4AC7-8FAB-654051ACC31B}.Release|Any CPU.Build.0 = Release|Any CPU
	EndGlobalSection
	GlobalSection(SolutionProperties) = preSolution
		HideSolutionNode = FALSE
	EndGlobalSection
	GlobalSection(ExtensibilityGlobals) = postSolution
		SolutionGuid = {55CE8CA2-6CDF-4467-937D-E3EE58741055}
	EndGlobalSection
EndGlobal
