
Microsoft Visual Studio Solution File, Format Version 12.00
# Visual Studio Version 17
VisualStudioVersion = 17.10.35122.118
MinimumVisualStudioVersion = 10.0.40219.1
Project("{FAE04EC0-301F-11D3-BF4B-00C04F79EFBC}") = "LINQPractice", "LINQPractice\LINQPractice.csproj", "{CF05377A-D1F1-4702-A061-2282ECE19CF1}"
EndProject
Global
	GlobalSection(SolutionConfigurationPlatforms) = preSolution
		Debug|Any CPU = Debug|Any CPU
		Release|Any CPU = Release|Any CPU
	EndGlobalSection
	GlobalSection(ProjectConfigurationPlatforms) = postSolution
		{CF05377A-D1F1-4702-A061-2282ECE19CF1}.Debug|Any CPU.ActiveCfg = Debug|Any CPU
		{CF05377A-D1F1-4702-A061-2282ECE19CF1}.Debug|Any CPU.Build.0 = Debug|Any CPU
		{CF05377A-D1F1-4702-A061-2282ECE19CF1}.Release|Any CPU.ActiveCfg = Release|Any CPU
		{CF05377A-D1F1-4702-A061-2282ECE19CF1}.Release|Any CPU.Build.0 = Release|Any CPU
	EndGlobalSection
	GlobalSection(SolutionProperties) = preSolution
		HideSolutionNode = FALSE
	EndGlobalSection
	GlobalSection(ExtensibilityGlobals) = postSolution
		SolutionGuid = {91B222D5-5AD2-4ED4-8D2A-D4F0E7D5CF02}
	EndGlobalSection
EndGlobal
