
Microsoft Visual Studio Solution File, Format Version 12.00
# Visual Studio Version 17
VisualStudioVersion = 17.10.35122.118
MinimumVisualStudioVersion = 10.0.40219.1
Project("{FAE04EC0-301F-11D3-BF4B-00C04F79EFBC}") = "Delegates", "Delegates\Delegates.csproj", "{DC61CF3B-B888-4A56-BD56-FC18761C9217}"
EndProject
Global
	GlobalSection(SolutionConfigurationPlatforms) = preSolution
		Debug|Any CPU = Debug|Any CPU
		Release|Any CPU = Release|Any CPU
	EndGlobalSection
	GlobalSection(ProjectConfigurationPlatforms) = postSolution
		{DC61CF3B-B888-4A56-BD56-FC18761C9217}.Debug|Any CPU.ActiveCfg = Debug|Any CPU
		{DC61CF3B-B888-4A56-BD56-FC18761C9217}.Debug|Any CPU.Build.0 = Debug|Any CPU
		{DC61CF3B-B888-4A56-BD56-FC18761C9217}.Release|Any CPU.ActiveCfg = Release|Any CPU
		{DC61CF3B-B888-4A56-BD56-FC18761C9217}.Release|Any CPU.Build.0 = Release|Any CPU
	EndGlobalSection
	GlobalSection(SolutionProperties) = preSolution
		HideSolutionNode = FALSE
	EndGlobalSection
	GlobalSection(ExtensibilityGlobals) = postSolution
		SolutionGuid = {8E633C61-7C73-439E-AB7C-1B7A9B6A2B1F}
	EndGlobalSection
EndGlobal
