
Microsoft Visual Studio Solution File, Format Version 12.00
# Visual Studio Version 17
VisualStudioVersion = 17.10.35122.118
MinimumVisualStudioVersion = 10.0.40219.1
Project("{FAE04EC0-301F-11D3-BF4B-00C04F79EFBC}") = "GlobalExceptionHandlingDemo", "GlobalExceptionHandlingDemo\GlobalExceptionHandlingDemo.csproj", "{CBC491AA-0A7A-48A0-A534-E7889ACB021F}"
EndProject
Global
	GlobalSection(SolutionConfigurationPlatforms) = preSolution
		Debug|Any CPU = Debug|Any CPU
		Release|Any CPU = Release|Any CPU
	EndGlobalSection
	GlobalSection(ProjectConfigurationPlatforms) = postSolution
		{CBC491AA-0A7A-48A0-A534-E7889ACB021F}.Debug|Any CPU.ActiveCfg = Debug|Any CPU
		{CBC491AA-0A7A-48A0-A534-E7889ACB021F}.Debug|Any CPU.Build.0 = Debug|Any CPU
		{CBC491AA-0A7A-48A0-A534-E7889ACB021F}.Release|Any CPU.ActiveCfg = Release|Any CPU
		{CBC491AA-0A7A-48A0-A534-E7889ACB021F}.Release|Any CPU.Build.0 = Release|Any CPU
	EndGlobalSection
	GlobalSection(SolutionProperties) = preSolution
		HideSolutionNode = FALSE
	EndGlobalSection
	GlobalSection(ExtensibilityGlobals) = postSolution
		SolutionGuid = {67DD5C61-C9F3-49E5-B08D-5FCD1C4BBCAD}
	EndGlobalSection
EndGlobal
