
Microsoft Visual Studio Solution File, Format Version 12.00
# Visual Studio Version 17
VisualStudioVersion = 17.10.35122.118
MinimumVisualStudioVersion = 10.0.40219.1
Project("{FAE04EC0-301F-11D3-BF4B-00C04F79EFBC}") = "SQLConnectionADO", "SQLConnectionADO\SQLConnectionADO.csproj", "{91FE11FC-650D-46D6-8394-52912385FE82}"
EndProject
Global
	GlobalSection(SolutionConfigurationPlatforms) = preSolution
		Debug|Any CPU = Debug|Any CPU
		Release|Any CPU = Release|Any CPU
	EndGlobalSection
	GlobalSection(ProjectConfigurationPlatforms) = postSolution
		{91FE11FC-650D-46D6-8394-52912385FE82}.Debug|Any CPU.ActiveCfg = Debug|Any CPU
		{91FE11FC-650D-46D6-8394-52912385FE82}.Debug|Any CPU.Build.0 = Debug|Any CPU
		{91FE11FC-650D-46D6-8394-52912385FE82}.Release|Any CPU.ActiveCfg = Release|Any CPU
		{91FE11FC-650D-46D6-8394-52912385FE82}.Release|Any CPU.Build.0 = Release|Any CPU
	EndGlobalSection
	GlobalSection(SolutionProperties) = preSolution
		HideSolutionNode = FALSE
	EndGlobalSection
	GlobalSection(ExtensibilityGlobals) = postSolution
		SolutionGuid = {FD24A3FD-78EA-4653-A204-F9A35CD8DAB7}
	EndGlobalSection
EndGlobal
